
Microsoft Visual Studio Solution File, Format Version 12.00
# Visual Studio Version 16
VisualStudioVersion = 16.0.30320.27
MinimumVisualStudioVersion = 10.0.40219.1
Project("{FAE04EC0-301F-11D3-BF4B-00C04F79EFBC}") = "Zadatak_1", "Zadatak_1\Zadatak_1.csproj", "{B484E372-5EDB-4796-800C-1A42CC5A6B98}"
EndProject
Project("{FAE04EC0-301F-11D3-BF4B-00C04F79EFBC}") = "Zadatak_2", "Zadatak_2\Zadatak_2.csproj", "{8BAEDB31-EF0B-427A-AFED-D9A43FC50A32}"
EndProject
Project("{FAE04EC0-301F-11D3-BF4B-00C04F79EFBC}") = "Zadatak_3", "Zadatak_3\Zadatak_3.csproj", "{31F8A1B3-3627-4F04-9202-6C61EAB1DE71}"
EndProject
Global
	GlobalSection(SolutionConfigurationPlatforms) = preSolution
		Debug|Any CPU = Debug|Any CPU
		Release|Any CPU = Release|Any CPU
	EndGlobalSection
	GlobalSection(ProjectConfigurationPlatforms) = postSolution
		{B484E372-5EDB-4796-800C-1A42CC5A6B98}.Debug|Any CPU.ActiveCfg = Debug|Any CPU
		{B484E372-5EDB-4796-800C-1A42CC5A6B98}.Debug|Any CPU.Build.0 = Debug|Any CPU
		{B484E372-5EDB-4796-800C-1A42CC5A6B98}.Release|Any CPU.ActiveCfg = Release|Any CPU
		{B484E372-5EDB-4796-800C-1A42CC5A6B98}.Release|Any CPU.Build.0 = Release|Any CPU
		{8BAEDB31-EF0B-427A-AFED-D9A43FC50A32}.Debug|Any CPU.ActiveCfg = Debug|Any CPU
		{8BAEDB31-EF0B-427A-AFED-D9A43FC50A32}.Debug|Any CPU.Build.0 = Debug|Any CPU
		{8BAEDB31-EF0B-427A-AFED-D9A43FC50A32}.Release|Any CPU.ActiveCfg = Release|Any CPU
		{8BAEDB31-EF0B-427A-AFED-D9A43FC50A32}.Release|Any CPU.Build.0 = Release|Any CPU
		{31F8A1B3-3627-4F04-9202-6C61EAB1DE71}.Debug|Any CPU.ActiveCfg = Debug|Any CPU
		{31F8A1B3-3627-4F04-9202-6C61EAB1DE71}.Debug|Any CPU.Build.0 = Debug|Any CPU
		{31F8A1B3-3627-4F04-9202-6C61EAB1DE71}.Release|Any CPU.ActiveCfg = Release|Any CPU
		{31F8A1B3-3627-4F04-9202-6C61EAB1DE71}.Release|Any CPU.Build.0 = Release|Any CPU
	EndGlobalSection
	GlobalSection(SolutionProperties) = preSolution
		HideSolutionNode = FALSE
	EndGlobalSection
	GlobalSection(ExtensibilityGlobals) = postSolution
		SolutionGuid = {DF17A46D-C03E-4C0D-A0AD-BDB6F585E4AE}
	EndGlobalSection
EndGlobal
